{
  "version": "5",
  "remote": {
    "https://edge.netlify.com/": "fd941d61d88673d5f28aab283fb86fcc50f08a3bc80ee5470498fcfa88c65cfb",
    "https://edge.netlify.com/bootstrap/config.ts": "6a2ce0e544e15e8f8883a5c18da5948e37fd0f2619f68cb31f3af53c51817025",
    "https://edge.netlify.com/bootstrap/context.ts": "72496497b40d9e808f419efc764ecb438952a32f61ed94cd54952fc59f17f69d",
    "https://edge.netlify.com/bootstrap/cookie.ts": "8b0baae708989ca183c6f3b4ab3d029e6abcbc2e43f93edeb0ff447b3bbc3a05",
    "https://edge.netlify.com/bootstrap/edge_function.ts": "b8253e86aa83c67341f5cfedeba5049d77fbf84dcab7eceff7566b7728ae9b39",
    "https://edge.netlify.com/bootstrap/globals/types.ts": "eaa6148ded3121d8dee62dd91c86e7fe76601df0f3ca8d7962243a30f4c8935f"
  },
  "workspace": {
    "packageJson": {
      "dependencies": [
        "npm:@anthropic-ai/claude-agent-sdk@~0.1.30",
        "npm:@dnd-kit/core@^6.3.1",
        "npm:@dnd-kit/modifiers@9",
        "npm:@dnd-kit/sortable@10",
        "npm:@dnd-kit/utilities@^3.2.2",
        "npm:@eslint/js@^9.9.1",
        "npm:@google-cloud/vision@^5.3.4",
        "npm:@google/generative-ai@~0.24.1",
        "npm:@mistralai/mistralai@^1.10.0",
        "npm:@modelcontextprotocol/sdk@^1.18.0",
        "npm:@modelcontextprotocol/server-brave-search@~0.6.2",
        "npm:@radix-ui/react-avatar@^1.1.10",
        "npm:@radix-ui/react-checkbox@^1.3.3",
        "npm:@radix-ui/react-collapsible@^1.1.12",
        "npm:@radix-ui/react-dialog@^1.1.15",
        "npm:@radix-ui/react-dropdown-menu@^2.1.16",
        "npm:@radix-ui/react-icons@^1.3.2",
        "npm:@radix-ui/react-label@^2.1.7",
        "npm:@radix-ui/react-popover@^1.1.15",
        "npm:@radix-ui/react-progress@^1.1.7",
        "npm:@radix-ui/react-scroll-area@^1.2.10",
        "npm:@radix-ui/react-select@^2.2.6",
        "npm:@radix-ui/react-separator@^1.1.7",
        "npm:@radix-ui/react-slot@^1.2.3",
        "npm:@radix-ui/react-switch@^1.2.6",
        "npm:@radix-ui/react-tabs@^1.1.13",
        "npm:@radix-ui/react-toggle-group@^1.1.11",
        "npm:@radix-ui/react-toggle@^1.1.10",
        "npm:@radix-ui/react-tooltip@^1.2.8",
        "npm:@stripe/react-stripe-js@5",
        "npm:@stripe/stripe-js@8",
        "npm:@supabase/auth-helpers-nextjs@0.10",
        "npm:@supabase/ssr@0.7",
        "npm:@supabase/supabase-js@^2.57.4",
        "npm:@tanstack/react-query@^5.90.3",
        "npm:@tanstack/react-table@^8.21.3",
        "npm:@tremor/react@^3.18.7",
        "npm:@types/node@^24.3.1",
        "npm:@types/nodemailer@^7.0.1",
        "npm:@types/pg@^8.15.5",
        "npm:@types/react-dom@^18.3.0",
        "npm:@types/react@^18.3.5",
        "npm:@vitejs/plugin-react@^5.0.2",
        "npm:activecampaign@^1.2.5",
        "npm:airtable@~0.12.2",
        "npm:autoprefixer@^10.4.21",
        "npm:class-variance-authority@~0.7.1",
        "npm:clsx@^2.1.1",
        "npm:csv-parse@^6.1.0",
        "npm:date-fns@^4.1.0",
        "npm:dotenv@^17.2.2",
        "npm:eslint-plugin-react-hooks@^5.1.0-rc.0",
        "npm:eslint-plugin-react-refresh@~0.4.11",
        "npm:eslint@^9.9.1",
        "npm:framer-motion@^12.23.12",
        "npm:globals@^15.9.0",
        "npm:ignore-loader@~0.1.2",
        "npm:inngest@^3.44.2",
        "npm:jspdf@^3.0.3",
        "npm:lucide-react@0.344",
        "npm:moment-timezone@0.6",
        "npm:netlify-plugin-inngest@^1.0.1",
        "npm:next-themes@~0.4.6",
        "npm:next@^15.5.2",
        "npm:node-fetch@^3.3.2",
        "npm:nodemailer@^7.0.6",
        "npm:openai@^5.19.1",
        "npm:pdfjs-dist@^5.4.296",
        "npm:pg@^8.16.3",
        "npm:playwright@^1.55.1",
        "npm:postcss@^8.5.6",
        "npm:postmark@^4.0.5",
        "npm:process@~0.11.10",
        "npm:puppeteer@^24.23.0",
        "npm:react-day-picker@^9.11.1",
        "npm:react-dom@^18.3.1",
        "npm:react@^18.3.1",
        "npm:recharts@^2.15.4",
        "npm:shadcn@^3.2.1",
        "npm:sonner@^2.0.7",
        "npm:stripe@^19.1.0",
        "npm:svix@^1.76.1",
        "npm:tailwind-merge@^3.3.1",
        "npm:tailwindcss-animate@^1.0.7",
        "npm:tailwindcss@^3.4.18",
        "npm:typescript-eslint@^8.3.0",
        "npm:typescript@^5.5.3",
        "npm:unipile-node-sdk@^1.9.3",
        "npm:vaul@^1.1.2",
        "npm:vite@^7.1.4",
        "npm:zod@^3.23.8"
      ]
    }
  }
}
